
Microsoft Visual Studio Solution File, Format Version 12.00
# Visual Studio Version 16
VisualStudioVersion = 16.0.29306.81
MinimumVisualStudioVersion = 10.0.40219.1
Project("{9092AA53-FB77-4645-B42D-1CCCA6BD08BD}") = "Exp1", "Exp1\Exp1.njsproj", "{717BC818-1141-414C-AF1C-1644957BCACE}"
EndProject
Global
	GlobalSection(SolutionConfigurationPlatforms) = preSolution
		Debug|Any CPU = Debug|Any CPU
		Release|Any CPU = Release|Any CPU
	EndGlobalSection
	GlobalSection(ProjectConfigurationPlatforms) = postSolution
		{717BC818-1141-414C-AF1C-1644957BCACE}.Debug|Any CPU.ActiveCfg = Debug|Any CPU
		{717BC818-1141-414C-AF1C-1644957BCACE}.Debug|Any CPU.Build.0 = Debug|Any CPU
		{717BC818-1141-414C-AF1C-1644957BCACE}.Release|Any CPU.ActiveCfg = Release|Any CPU
		{717BC818-1141-414C-AF1C-1644957BCACE}.Release|Any CPU.Build.0 = Release|Any CPU
	EndGlobalSection
	GlobalSection(SolutionProperties) = preSolution
		HideSolutionNode = FALSE
	EndGlobalSection
	GlobalSection(ExtensibilityGlobals) = postSolution
		SolutionGuid = {EA94CD17-6488-4BE4-9E1B-3BF6EEF95364}
	EndGlobalSection
EndGlobal
